
Microsoft Visual Studio Solution File, Format Version 12.00
# Visual Studio 14
VisualStudioVersion = 14.0.25420.1
MinimumVisualStudioVersion = 10.0.40219.1
Project("{FAE04EC0-301F-11D3-BF4B-00C04F79EFBC}") = "BanVeXemPhim", "BanVeXemPhim\BanVeXemPhim.csproj", "{752D1328-69F2-4BF6-844D-ADE3553A81C8}"
EndProject
Project("{FAE04EC0-301F-11D3-BF4B-00C04F79EFBC}") = "BanVeXemPhim.Tests", "BanVeXemPhim.Tests\BanVeXemPhim.Tests.csproj", "{D33E2F4E-AA77-458F-97DE-F91744BCBCDC}"
EndProject
Global
	GlobalSection(SolutionConfigurationPlatforms) = preSolution
		Debug|Any CPU = Debug|Any CPU
		Release|Any CPU = Release|Any CPU
	EndGlobalSection
	GlobalSection(ProjectConfigurationPlatforms) = postSolution
		{752D1328-69F2-4BF6-844D-ADE3553A81C8}.Debug|Any CPU.ActiveCfg = Debug|Any CPU
		{752D1328-69F2-4BF6-844D-ADE3553A81C8}.Debug|Any CPU.Build.0 = Debug|Any CPU
		{752D1328-69F2-4BF6-844D-ADE3553A81C8}.Release|Any CPU.ActiveCfg = Release|Any CPU
		{752D1328-69F2-4BF6-844D-ADE3553A81C8}.Release|Any CPU.Build.0 = Release|Any CPU
		{D33E2F4E-AA77-458F-97DE-F91744BCBCDC}.Debug|Any CPU.ActiveCfg = Debug|Any CPU
		{D33E2F4E-AA77-458F-97DE-F91744BCBCDC}.Debug|Any CPU.Build.0 = Debug|Any CPU
		{D33E2F4E-AA77-458F-97DE-F91744BCBCDC}.Release|Any CPU.ActiveCfg = Release|Any CPU
		{D33E2F4E-AA77-458F-97DE-F91744BCBCDC}.Release|Any CPU.Build.0 = Release|Any CPU
	EndGlobalSection
	GlobalSection(SolutionProperties) = preSolution
		HideSolutionNode = FALSE
	EndGlobalSection
EndGlobal
